
Microsoft Visual Studio Solution File, Format Version 12.00
# Visual Studio 14
VisualStudioVersion = 14.0.22609.0
MinimumVisualStudioVersion = 10.0.40219.1
Project("{FAE04EC0-301F-11D3-BF4B-00C04F79EFBC}") = "Master System", "Master System\Master System.csproj", "{C182CC24-5A0F-497B-AE7D-A664804B9911}"
EndProject
Project("{FAE04EC0-301F-11D3-BF4B-00C04F79EFBC}") = "Master System Tests", "Master System Tests\Master System Tests.csproj", "{9EAACA99-B68D-48AE-BCCF-31BADE92ED3E}"
EndProject
Project("{2150E333-8FDC-42A3-9474-1A3956D46DE8}") = "Solution Items", "Solution Items", "{BBE1F5FE-870D-45CD-80DA-12F3C2BF548E}"
	ProjectSection(SolutionItems) = preProject
		Readme.md = Readme.md
	EndProjectSection
EndProject
Global
	GlobalSection(SolutionConfigurationPlatforms) = preSolution
		Debug|Any CPU = Debug|Any CPU
		Release|Any CPU = Release|Any CPU
	EndGlobalSection
	GlobalSection(ProjectConfigurationPlatforms) = postSolution
		{C182CC24-5A0F-497B-AE7D-A664804B9911}.Debug|Any CPU.ActiveCfg = Debug|Any CPU
		{C182CC24-5A0F-497B-AE7D-A664804B9911}.Debug|Any CPU.Build.0 = Debug|Any CPU
		{C182CC24-5A0F-497B-AE7D-A664804B9911}.Release|Any CPU.ActiveCfg = Release|Any CPU
		{C182CC24-5A0F-497B-AE7D-A664804B9911}.Release|Any CPU.Build.0 = Release|Any CPU
		{9EAACA99-B68D-48AE-BCCF-31BADE92ED3E}.Debug|Any CPU.ActiveCfg = Debug|Any CPU
		{9EAACA99-B68D-48AE-BCCF-31BADE92ED3E}.Debug|Any CPU.Build.0 = Debug|Any CPU
		{9EAACA99-B68D-48AE-BCCF-31BADE92ED3E}.Release|Any CPU.ActiveCfg = Release|Any CPU
		{9EAACA99-B68D-48AE-BCCF-31BADE92ED3E}.Release|Any CPU.Build.0 = Release|Any CPU
	EndGlobalSection
	GlobalSection(SolutionProperties) = preSolution
		HideSolutionNode = FALSE
	EndGlobalSection
	GlobalSection(CodealikeProperties) = postSolution
		SolutionGuid = 338812b6-75a1-4f89-b3c1-3ea71750f30e
	EndGlobalSection
EndGlobal
